
Microsoft Visual Studio Solution File, Format Version 12.00
# Visual Studio Version 17
VisualStudioVersion = 17.13.35919.96 d17.13
MinimumVisualStudioVersion = 10.0.40219.1
Project("{FAE04EC0-301F-11D3-BF4B-00C04F79EFBC}") = "Server", "Server\Server.csproj", "{D0FFBE62-1A45-4534-9018-A1B8655A3955}"
EndProject
Project("{FAE04EC0-301F-11D3-BF4B-00C04F79EFBC}") = "Repositories", "Repositories\Repositories.csproj", "{83DB3DC1-0D7F-492E-AC4F-B53A326BD4BB}"
EndProject
Project("{FAE04EC0-301F-11D3-BF4B-00C04F79EFBC}") = "Infrastructure", "Infrastructure\Infrastructure.csproj", "{C49D2BB9-6C6B-429C-9392-17DD3360519F}"
EndProject
Project("{FAE04EC0-301F-11D3-BF4B-00C04F79EFBC}") = "Implementation", "Implementation\Implementation.csproj", "{3EA8B4CB-5489-40C4-BF12-686791341996}"
EndProject
Global
	GlobalSection(SolutionConfigurationPlatforms) = preSolution
		Debug|Any CPU = Debug|Any CPU
		Release|Any CPU = Release|Any CPU
	EndGlobalSection
	GlobalSection(ProjectConfigurationPlatforms) = postSolution
		{D0FFBE62-1A45-4534-9018-A1B8655A3955}.Debug|Any CPU.ActiveCfg = Debug|Any CPU
		{D0FFBE62-1A45-4534-9018-A1B8655A3955}.Debug|Any CPU.Build.0 = Debug|Any CPU
		{D0FFBE62-1A45-4534-9018-A1B8655A3955}.Release|Any CPU.ActiveCfg = Release|Any CPU
		{D0FFBE62-1A45-4534-9018-A1B8655A3955}.Release|Any CPU.Build.0 = Release|Any CPU
		{83DB3DC1-0D7F-492E-AC4F-B53A326BD4BB}.Debug|Any CPU.ActiveCfg = Debug|Any CPU
		{83DB3DC1-0D7F-492E-AC4F-B53A326BD4BB}.Debug|Any CPU.Build.0 = Debug|Any CPU
		{83DB3DC1-0D7F-492E-AC4F-B53A326BD4BB}.Release|Any CPU.ActiveCfg = Release|Any CPU
		{83DB3DC1-0D7F-492E-AC4F-B53A326BD4BB}.Release|Any CPU.Build.0 = Release|Any CPU
		{C49D2BB9-6C6B-429C-9392-17DD3360519F}.Debug|Any CPU.ActiveCfg = Debug|Any CPU
		{C49D2BB9-6C6B-429C-9392-17DD3360519F}.Debug|Any CPU.Build.0 = Debug|Any CPU
		{C49D2BB9-6C6B-429C-9392-17DD3360519F}.Release|Any CPU.ActiveCfg = Release|Any CPU
		{C49D2BB9-6C6B-429C-9392-17DD3360519F}.Release|Any CPU.Build.0 = Release|Any CPU
		{3EA8B4CB-5489-40C4-BF12-686791341996}.Debug|Any CPU.ActiveCfg = Debug|Any CPU
		{3EA8B4CB-5489-40C4-BF12-686791341996}.Debug|Any CPU.Build.0 = Debug|Any CPU
		{3EA8B4CB-5489-40C4-BF12-686791341996}.Release|Any CPU.ActiveCfg = Release|Any CPU
		{3EA8B4CB-5489-40C4-BF12-686791341996}.Release|Any CPU.Build.0 = Release|Any CPU
	EndGlobalSection
	GlobalSection(SolutionProperties) = preSolution
		HideSolutionNode = FALSE
	EndGlobalSection
	GlobalSection(ExtensibilityGlobals) = postSolution
		SolutionGuid = {D6ABAA38-7630-47D8-B42C-3983CC1CE236}
	EndGlobalSection
EndGlobal
